PODS:
  - LTCustomCategorys (0.2.0)

DEPENDENCIES:
  - LTCustomCategorys (from `../`)

EXTERNAL SOURCES:
  LTCustomCategorys:
    :path: "../"

SPEC CHECKSUMS:
  LTCustomCategorys: ed58b7d4f3a7cc701091dcebb0050483857bd7b5

PODFILE CHECKSUM: 0c643891dbaa30fc36c1eac075f1a20a59fe83b8

COCOAPODS: 1.2.0
