PODS:
  - LTCustomCategorys (0.1.0):
    - LTCustomCategorys/UIColor (= 0.1.0)
    - LTCustomCategorys/UIView (= 0.1.0)
  - LTCustomCategorys/UIColor (0.1.0)
  - LTCustomCategorys/UIView (0.1.0)

DEPENDENCIES:
  - LTCustomCategorys (from `../`)

EXTERNAL SOURCES:
  LTCustomCategorys:
    :path: "../"

SPEC CHECKSUMS:
  LTCustomCategorys: 620d50fd667b938e4c6711df940b4c92c70fd789

PODFILE CHECKSUM: 0c643891dbaa30fc36c1eac075f1a20a59fe83b8

COCOAPODS: 1.2.0
