PODS:
  - LTCustomCategorys (0.3.0):
    - LTCustomCategorys/Log (= 0.3.0)
    - LTCustomCategorys/UIColor (= 0.3.0)
    - LTCustomCategorys/UIView (= 0.3.0)
  - LTCustomCategorys/Log (0.3.0)
  - LTCustomCategorys/UIColor (0.3.0)
  - LTCustomCategorys/UIView (0.3.0)

DEPENDENCIES:
  - LTCustomCategorys (from `../`)

EXTERNAL SOURCES:
  LTCustomCategorys:
    :path: "../"

SPEC CHECKSUMS:
  LTCustomCategorys: f5219068920781adc30c1459cdff73b6a7d3c5cb

PODFILE CHECKSUM: 0c643891dbaa30fc36c1eac075f1a20a59fe83b8

COCOAPODS: 1.2.0
